
Microsoft Visual Studio Solution File, Format Version 12.00
# Visual Studio Version 16
VisualStudioVersion = 16.0.30907.101
MinimumVisualStudioVersion = 10.0.40219.1
Project("{8BC9CEB8-8B4A-11D0-8D11-00A0C91BC942}") = "CloudRunner", "CloudRunner\CloudRunner.vcxproj", "{EC295C45-9128-4B0F-A52E-14E970A0ED5E}"
EndProject
Global
	GlobalSection(SolutionConfigurationPlatforms) = preSolution
		Debug|x64 = Debug|x64
		Debug|x86 = Debug|x86
		Release|x64 = Release|x64
		Release|x86 = Release|x86
	EndGlobalSection
	GlobalSection(ProjectConfigurationPlatforms) = postSolution
		{EC295C45-9128-4B0F-A52E-14E970A0ED5E}.Debug|x64.ActiveCfg = Debug|x64
		{EC295C45-9128-4B0F-A52E-14E970A0ED5E}.Debug|x64.Build.0 = Debug|x64
		{EC295C45-9128-4B0F-A52E-14E970A0ED5E}.Debug|x86.ActiveCfg = Debug|Win32
		{EC295C45-9128-4B0F-A52E-14E970A0ED5E}.Debug|x86.Build.0 = Debug|Win32
		{EC295C45-9128-4B0F-A52E-14E970A0ED5E}.Release|x64.ActiveCfg = Release|x64
		{EC295C45-9128-4B0F-A52E-14E970A0ED5E}.Release|x64.Build.0 = Release|x64
		{EC295C45-9128-4B0F-A52E-14E970A0ED5E}.Release|x86.ActiveCfg = Release|Win32
		{EC295C45-9128-4B0F-A52E-14E970A0ED5E}.Release|x86.Build.0 = Release|Win32
	EndGlobalSection
	GlobalSection(SolutionProperties) = preSolution
		HideSolutionNode = FALSE
	EndGlobalSection
	GlobalSection(ExtensibilityGlobals) = postSolution
		SolutionGuid = {EFA8E628-99D6-483A-A32D-FCFACA0F1992}
	EndGlobalSection
EndGlobal
